
Microsoft Visual Studio Solution File, Format Version 11.00
# Visual Studio 2010
# SharpDevelop 5.1
Project("{FAE04EC0-301F-11D3-BF4B-00C04F79EFBC}") = "practica3", "practica3.csproj", "{BB6BD48C-7D8B-46BF-99A0-9D7E00E9E508}"
EndProject
Global
	GlobalSection(SolutionConfigurationPlatforms) = preSolution
		Debug|Any CPU = Debug|Any CPU
		Release|Any CPU = Release|Any CPU
	EndGlobalSection
	GlobalSection(ProjectConfigurationPlatforms) = postSolution
		{BB6BD48C-7D8B-46BF-99A0-9D7E00E9E508}.Debug|Any CPU.ActiveCfg = Debug|Any CPU
		{BB6BD48C-7D8B-46BF-99A0-9D7E00E9E508}.Debug|Any CPU.Build.0 = Debug|Any CPU
		{BB6BD48C-7D8B-46BF-99A0-9D7E00E9E508}.Release|Any CPU.ActiveCfg = Release|Any CPU
		{BB6BD48C-7D8B-46BF-99A0-9D7E00E9E508}.Release|Any CPU.Build.0 = Release|Any CPU
	EndGlobalSection
EndGlobal
